
Microsoft Visual Studio Solution File, Format Version 12.00
# Visual Studio Version 16
VisualStudioVersion = 16.0.31515.178
MinimumVisualStudioVersion = 10.0.40219.1
Project("{FAE04EC0-301F-11D3-BF4B-00C04F79EFBC}") = "realbook", "realbook.csproj", "{5E0C694E-250E-4528-A204-FA20E550AC53}"
EndProject
Global
	GlobalSection(SolutionConfigurationPlatforms) = preSolution
		Debug|Any CPU = Debug|Any CPU
		Release|Any CPU = Release|Any CPU
	EndGlobalSection
	GlobalSection(ProjectConfigurationPlatforms) = postSolution
		{5E0C694E-250E-4528-A204-FA20E550AC53}.Debug|Any CPU.ActiveCfg = Debug|Any CPU
		{5E0C694E-250E-4528-A204-FA20E550AC53}.Debug|Any CPU.Build.0 = Debug|Any CPU
		{5E0C694E-250E-4528-A204-FA20E550AC53}.Release|Any CPU.ActiveCfg = Release|Any CPU
		{5E0C694E-250E-4528-A204-FA20E550AC53}.Release|Any CPU.Build.0 = Release|Any CPU
	EndGlobalSection
	GlobalSection(SolutionProperties) = preSolution
		HideSolutionNode = FALSE
	EndGlobalSection
	GlobalSection(ExtensibilityGlobals) = postSolution
		SolutionGuid = {7B3EA8DA-6AAA-41F2-9660-66DC99483DE8}
	EndGlobalSection
EndGlobal
